
Microsoft Visual Studio Solution File, Format Version 12.00
# Visual Studio Version 17
VisualStudioVersion = 17.13.35931.197
MinimumVisualStudioVersion = 10.0.40219.1
Project("{FAE04EC0-301F-11D3-BF4B-00C04F79EFBC}") = "Minesweeper", "Minesweeper.csproj", "{D3A9DF2F-25A1-4621-ACFE-64CE66CB34B0}"
EndProject
Project("{FAE04EC0-301F-11D3-BF4B-00C04F79EFBC}") = "ChartsTest", "..\ChartsTest\ChartsTest.csproj", "{40122D91-BA6B-4439-84A0-570CF72F0B36}"
EndProject
Project("{FAE04EC0-301F-11D3-BF4B-00C04F79EFBC}") = "Minesweeper.Core", "Minesweeper.Core\Minesweeper.Core.csproj", "{C7DEE6D6-CE2E-462C-B59E-44E31FF6944E}"
EndProject
Project("{FAE04EC0-301F-11D3-BF4B-00C04F79EFBC}") = "Minesweeper.Infrastructure", "Minesweeper.Infrastructure\Minesweeper.Infrastructure.csproj", "{5D412318-A32E-4513-AE69-11BB021F0E6C}"
EndProject
Project("{FAE04EC0-301F-11D3-BF4B-00C04F79EFBC}") = "Minesweeper.Api", "Minesweeper.Api\Minesweeper.Api.csproj", "{3D000072-12CA-4751-B984-BF2CF88B9927}"
EndProject
Project("{FAE04EC0-301F-11D3-BF4B-00C04F79EFBC}") = "Minesweeper.Web", "Minesweeper.Web\Minesweeper.Web.csproj", "{E47C5442-938F-4B7C-A1DE-0618E49C4F8C}"
EndProject
Project("{FAE04EC0-301F-11D3-BF4B-00C04F79EFBC}") = "Minesweeper.Tests", "Minesweeper.Tests\Minesweeper.Tests.csproj", "{30A8400F-9D07-474B-9235-F5C1A4F48C2C}"
EndProject
Global
	GlobalSection(SolutionConfigurationPlatforms) = preSolution
		Debug|Any CPU = Debug|Any CPU
		Debug|x64 = Debug|x64
		Debug|x86 = Debug|x86
		Release|Any CPU = Release|Any CPU
		Release|x64 = Release|x64
		Release|x86 = Release|x86
	EndGlobalSection
	GlobalSection(ProjectConfigurationPlatforms) = postSolution
		{D3A9DF2F-25A1-4621-ACFE-64CE66CB34B0}.Debug|Any CPU.ActiveCfg = Debug|Any CPU
		{D3A9DF2F-25A1-4621-ACFE-64CE66CB34B0}.Debug|Any CPU.Build.0 = Debug|Any CPU
		{D3A9DF2F-25A1-4621-ACFE-64CE66CB34B0}.Debug|x64.ActiveCfg = Debug|Any CPU
		{D3A9DF2F-25A1-4621-ACFE-64CE66CB34B0}.Debug|x64.Build.0 = Debug|Any CPU
		{D3A9DF2F-25A1-4621-ACFE-64CE66CB34B0}.Debug|x86.ActiveCfg = Debug|Any CPU
		{D3A9DF2F-25A1-4621-ACFE-64CE66CB34B0}.Debug|x86.Build.0 = Debug|Any CPU
		{D3A9DF2F-25A1-4621-ACFE-64CE66CB34B0}.Release|Any CPU.ActiveCfg = Release|Any CPU
		{D3A9DF2F-25A1-4621-ACFE-64CE66CB34B0}.Release|Any CPU.Build.0 = Release|Any CPU
		{D3A9DF2F-25A1-4621-ACFE-64CE66CB34B0}.Release|x64.ActiveCfg = Release|Any CPU
		{D3A9DF2F-25A1-4621-ACFE-64CE66CB34B0}.Release|x64.Build.0 = Release|Any CPU
		{D3A9DF2F-25A1-4621-ACFE-64CE66CB34B0}.Release|x86.ActiveCfg = Release|Any CPU
		{D3A9DF2F-25A1-4621-ACFE-64CE66CB34B0}.Release|x86.Build.0 = Release|Any CPU
		{40122D91-BA6B-4439-84A0-570CF72F0B36}.Debug|Any CPU.ActiveCfg = Debug|Any CPU
		{40122D91-BA6B-4439-84A0-570CF72F0B36}.Debug|Any CPU.Build.0 = Debug|Any CPU
		{40122D91-BA6B-4439-84A0-570CF72F0B36}.Debug|x64.ActiveCfg = Debug|Any CPU
		{40122D91-BA6B-4439-84A0-570CF72F0B36}.Debug|x64.Build.0 = Debug|Any CPU
		{40122D91-BA6B-4439-84A0-570CF72F0B36}.Debug|x86.ActiveCfg = Debug|Any CPU
		{40122D91-BA6B-4439-84A0-570CF72F0B36}.Debug|x86.Build.0 = Debug|Any CPU
		{40122D91-BA6B-4439-84A0-570CF72F0B36}.Release|Any CPU.ActiveCfg = Release|Any CPU
		{40122D91-BA6B-4439-84A0-570CF72F0B36}.Release|Any CPU.Build.0 = Release|Any CPU
		{40122D91-BA6B-4439-84A0-570CF72F0B36}.Release|x64.ActiveCfg = Release|Any CPU
		{40122D91-BA6B-4439-84A0-570CF72F0B36}.Release|x64.Build.0 = Release|Any CPU
		{40122D91-BA6B-4439-84A0-570CF72F0B36}.Release|x86.ActiveCfg = Release|Any CPU
		{40122D91-BA6B-4439-84A0-570CF72F0B36}.Release|x86.Build.0 = Release|Any CPU
		{C7DEE6D6-CE2E-462C-B59E-44E31FF6944E}.Debug|Any CPU.ActiveCfg = Debug|Any CPU
		{C7DEE6D6-CE2E-462C-B59E-44E31FF6944E}.Debug|Any CPU.Build.0 = Debug|Any CPU
		{C7DEE6D6-CE2E-462C-B59E-44E31FF6944E}.Debug|x64.ActiveCfg = Debug|Any CPU
		{C7DEE6D6-CE2E-462C-B59E-44E31FF6944E}.Debug|x64.Build.0 = Debug|Any CPU
		{C7DEE6D6-CE2E-462C-B59E-44E31FF6944E}.Debug|x86.ActiveCfg = Debug|Any CPU
		{C7DEE6D6-CE2E-462C-B59E-44E31FF6944E}.Debug|x86.Build.0 = Debug|Any CPU
		{C7DEE6D6-CE2E-462C-B59E-44E31FF6944E}.Release|Any CPU.ActiveCfg = Release|Any CPU
		{C7DEE6D6-CE2E-462C-B59E-44E31FF6944E}.Release|Any CPU.Build.0 = Release|Any CPU
		{C7DEE6D6-CE2E-462C-B59E-44E31FF6944E}.Release|x64.ActiveCfg = Release|Any CPU
		{C7DEE6D6-CE2E-462C-B59E-44E31FF6944E}.Release|x64.Build.0 = Release|Any CPU
		{C7DEE6D6-CE2E-462C-B59E-44E31FF6944E}.Release|x86.ActiveCfg = Release|Any CPU
		{C7DEE6D6-CE2E-462C-B59E-44E31FF6944E}.Release|x86.Build.0 = Release|Any CPU
		{5D412318-A32E-4513-AE69-11BB021F0E6C}.Debug|Any CPU.ActiveCfg = Debug|Any CPU
		{5D412318-A32E-4513-AE69-11BB021F0E6C}.Debug|Any CPU.Build.0 = Debug|Any CPU
		{5D412318-A32E-4513-AE69-11BB021F0E6C}.Debug|x64.ActiveCfg = Debug|Any CPU
		{5D412318-A32E-4513-AE69-11BB021F0E6C}.Debug|x64.Build.0 = Debug|Any CPU
		{5D412318-A32E-4513-AE69-11BB021F0E6C}.Debug|x86.ActiveCfg = Debug|Any CPU
		{5D412318-A32E-4513-AE69-11BB021F0E6C}.Debug|x86.Build.0 = Debug|Any CPU
		{5D412318-A32E-4513-AE69-11BB021F0E6C}.Release|Any CPU.ActiveCfg = Release|Any CPU
		{5D412318-A32E-4513-AE69-11BB021F0E6C}.Release|Any CPU.Build.0 = Release|Any CPU
		{5D412318-A32E-4513-AE69-11BB021F0E6C}.Release|x64.ActiveCfg = Release|Any CPU
		{5D412318-A32E-4513-AE69-11BB021F0E6C}.Release|x64.Build.0 = Release|Any CPU
		{5D412318-A32E-4513-AE69-11BB021F0E6C}.Release|x86.ActiveCfg = Release|Any CPU
		{5D412318-A32E-4513-AE69-11BB021F0E6C}.Release|x86.Build.0 = Release|Any CPU
		{3D000072-12CA-4751-B984-BF2CF88B9927}.Debug|Any CPU.ActiveCfg = Debug|Any CPU
		{3D000072-12CA-4751-B984-BF2CF88B9927}.Debug|Any CPU.Build.0 = Debug|Any CPU
		{3D000072-12CA-4751-B984-BF2CF88B9927}.Debug|x64.ActiveCfg = Debug|Any CPU
		{3D000072-12CA-4751-B984-BF2CF88B9927}.Debug|x64.Build.0 = Debug|Any CPU
		{3D000072-12CA-4751-B984-BF2CF88B9927}.Debug|x86.ActiveCfg = Debug|Any CPU
		{3D000072-12CA-4751-B984-BF2CF88B9927}.Debug|x86.Build.0 = Debug|Any CPU
		{3D000072-12CA-4751-B984-BF2CF88B9927}.Release|Any CPU.ActiveCfg = Release|Any CPU
		{3D000072-12CA-4751-B984-BF2CF88B9927}.Release|Any CPU.Build.0 = Release|Any CPU
		{3D000072-12CA-4751-B984-BF2CF88B9927}.Release|x64.ActiveCfg = Release|Any CPU
		{3D000072-12CA-4751-B984-BF2CF88B9927}.Release|x64.Build.0 = Release|Any CPU
		{3D000072-12CA-4751-B984-BF2CF88B9927}.Release|x86.ActiveCfg = Release|Any CPU
		{3D000072-12CA-4751-B984-BF2CF88B9927}.Release|x86.Build.0 = Release|Any CPU
		{E47C5442-938F-4B7C-A1DE-0618E49C4F8C}.Debug|Any CPU.ActiveCfg = Debug|Any CPU
		{E47C5442-938F-4B7C-A1DE-0618E49C4F8C}.Debug|Any CPU.Build.0 = Debug|Any CPU
		{E47C5442-938F-4B7C-A1DE-0618E49C4F8C}.Debug|x64.ActiveCfg = Debug|Any CPU
		{E47C5442-938F-4B7C-A1DE-0618E49C4F8C}.Debug|x64.Build.0 = Debug|Any CPU
		{E47C5442-938F-4B7C-A1DE-0618E49C4F8C}.Debug|x86.ActiveCfg = Debug|Any CPU
		{E47C5442-938F-4B7C-A1DE-0618E49C4F8C}.Debug|x86.Build.0 = Debug|Any CPU
		{E47C5442-938F-4B7C-A1DE-0618E49C4F8C}.Release|Any CPU.ActiveCfg = Release|Any CPU
		{E47C5442-938F-4B7C-A1DE-0618E49C4F8C}.Release|Any CPU.Build.0 = Release|Any CPU
		{E47C5442-938F-4B7C-A1DE-0618E49C4F8C}.Release|x64.ActiveCfg = Release|Any CPU
		{E47C5442-938F-4B7C-A1DE-0618E49C4F8C}.Release|x64.Build.0 = Release|Any CPU
		{E47C5442-938F-4B7C-A1DE-0618E49C4F8C}.Release|x86.ActiveCfg = Release|Any CPU
		{E47C5442-938F-4B7C-A1DE-0618E49C4F8C}.Release|x86.Build.0 = Release|Any CPU
		{30A8400F-9D07-474B-9235-F5C1A4F48C2C}.Debug|Any CPU.ActiveCfg = Debug|Any CPU
		{30A8400F-9D07-474B-9235-F5C1A4F48C2C}.Debug|Any CPU.Build.0 = Debug|Any CPU
		{30A8400F-9D07-474B-9235-F5C1A4F48C2C}.Debug|x64.ActiveCfg = Debug|Any CPU
		{30A8400F-9D07-474B-9235-F5C1A4F48C2C}.Debug|x64.Build.0 = Debug|Any CPU
		{30A8400F-9D07-474B-9235-F5C1A4F48C2C}.Debug|x86.ActiveCfg = Debug|Any CPU
		{30A8400F-9D07-474B-9235-F5C1A4F48C2C}.Debug|x86.Build.0 = Debug|Any CPU
		{30A8400F-9D07-474B-9235-F5C1A4F48C2C}.Release|Any CPU.ActiveCfg = Release|Any CPU
		{30A8400F-9D07-474B-9235-F5C1A4F48C2C}.Release|Any CPU.Build.0 = Release|Any CPU
		{30A8400F-9D07-474B-9235-F5C1A4F48C2C}.Release|x64.ActiveCfg = Release|Any CPU
		{30A8400F-9D07-474B-9235-F5C1A4F48C2C}.Release|x64.Build.0 = Release|Any CPU
		{30A8400F-9D07-474B-9235-F5C1A4F48C2C}.Release|x86.ActiveCfg = Release|Any CPU
		{30A8400F-9D07-474B-9235-F5C1A4F48C2C}.Release|x86.Build.0 = Release|Any CPU
	EndGlobalSection
	GlobalSection(SolutionProperties) = preSolution
		HideSolutionNode = FALSE
	EndGlobalSection
	GlobalSection(ExtensibilityGlobals) = postSolution
		SolutionGuid = {708B5529-6C2F-4391-AE5C-AAAE7E55C059}
	EndGlobalSection
EndGlobal
